// !$*UTF8*$!
{
	archiveVersion = 1;
	classes = {
	};
	objectVersion = 46;
	objects = {

/* Begin PBXBuildFile section */
		D79E66BA1A7E0BCC00C71613 /* AppDelegate.swift in Sources */ = {isa = PBXBuildFile; fileRef = D79E66B91A7E0BCC00C71613 /* AppDelegate.swift */; };
		D79E66BC1A7E0BCC00C71613 /* ViewController.swift in Sources */ = {isa = PBXBuildFile; fileRef = D79E66BB1A7E0BCC00C71613 /* ViewController.swift */; };
		D79E66BF1A7E0BCC00C71613 /* Main.storyboard in Resources */ = {isa = PBXBuildFile; fileRef = D79E66BD1A7E0BCC00C71613 /* Main.storyboard */; };
		D79E66C11A7E0BCC00C71613 /* Images.xcassets in Resources */ = {isa = PBXBuildFile; fileRef = D79E66C01A7E0BCC00C71613 /* Images.xcassets */; };
		D79E66C41A7E0BCC00C71613 /* LaunchScreen.xib in Resources */ = {isa = PBXBuildFile; fileRef = D79E66C21A7E0BCC00C71613 /* LaunchScreen.xib */; };
		D79E66D01A7E0BCC00C71613 /* SciCalTests.swift in Sources */ = {isa = PBXBuildFile; fileRef = D79E66CF1A7E0BCC00C71613 /* SciCalTests.swift */; };
/* End PBXBuildFile section */

/* Begin PBXContainerItemProxy section */
		D79E66CA1A7E0BCC00C71613 /* PBXContainerItemProxy */ = {
			isa = PBXContainerItemProxy;
			containerPortal = D79E66AC1A7E0BCC00C71613 /* Project object */;
			proxyType = 1;
			remoteGlobalIDString = D79E66B31A7E0BCC00C71613;
			remoteInfo = SciCal;
		};
/* End PBXContainerItemProxy section */

/* Begin PBXFileReference section */
		D79E66B41A7E0BCC00C71613 /* SciCal.app */ = {isa = PBXFileReference; explicitFileType = wrapper.application; includeInIndex = 0; path = SciCal.app; sourceTree = BUILT_PRODUCTS_DIR; };
		D79E66B81A7E0BCC00C71613 /* Info.plist */ = {isa = PBXFileReference; lastKnownFileType = text.plist.xml; path = Info.plist; sourceTree = "<group>"; };
		D79E66B91A7E0BCC00C71613 /* AppDelegate.swift */ = {isa = PBXFileReference; lastKnownFileType = sourcecode.swift; path = AppDelegate.swift; sourceTree = "<group>"; };
		D79E66BB1A7E0BCC00C71613 /* ViewController.swift */ = {isa = PBXFileReference; lastKnownFileType = sourcecode.swift; path = ViewController.swift; sourceTree = "<group>"; };
		D79E66BE1A7E0BCC00C71613 /* Base */ = {isa = PBXFileReference; lastKnownFileType = file.storyboard; name = Base; path = Base.lproj/Main.storyboard; sourceTree = "<group>"; };
		D79E66C01A7E0BCC00C71613 /* Images.xcassets */ = {isa = PBXFileReference; lastKnownFileType = folder.assetcatalog; path = Images.xcassets; sourceTree = "<group>"; };
		D79E66C31A7E0BCC00C71613 /* Base */ = {isa = PBXFileReference; lastKnownFileType = file.xib; name = Base; path = Base.lproj/LaunchScreen.xib; sourceTree = "<group>"; };
		D79E66C91A7E0BCC00C71613 /* SciCalTests.xctest */ = {isa = PBXFileReference; explicitFileType = wrapper.cfbundle; includeInIndex = 0; path = SciCalTests.xctest; sourceTree = BUILT_PRODUCTS_DIR; };
		D79E66CE1A7E0BCC00C71613 /* Info.plist */ = {isa = PBXFileReference; lastKnownFileType = text.plist.xml; path = Info.plist; sourceTree = "<group>"; };
		D79E66CF1A7E0BCC00C71613 /* SciCalTests.swift */ = {isa = PBXFileReference; lastKnownFileType = sourcecode.swift; path = SciCalTests.swift; sourceTree = "<group>"; };
/* End PBXFileReference section */

/* Begin PBXFrameworksBuildPhase section */
		D79E66B11A7E0BCC00C71613 /* Frameworks */ = {
			isa = PBXFrameworksBuildPhase;
			buildActionMask = 2147483647;
			files = (
			);
			runOnlyForDeploymentPostprocessing = 0;
		};
		D79E66C61A7E0BCC00C71613 /* Frameworks */ = {
			isa = PBXFrameworksBuildPhase;
			buildActionMask = 2147483647;
			files = (
			);
			runOnlyForDeploymentPostprocessing = 0;
		};
/* End PBXFrameworksBuildPhase section */

/* Begin PBXGroup section */
		D79E66AB1A7E0BCC00C71613 = {
			isa = PBXGroup;
			children = (
				D79E66B61A7E0BCC00C71613 /* SciCal */,
				D79E66CC1A7E0BCC00C71613 /* SciCalTests */,
				D79E66B51A7E0BCC00C71613 /* Products */,
			);
			sourceTree = "<group>";
		};
		D79E66B51A7E0BCC00C71613 /* Products */ = {
			isa = PBXGroup;
			children = (
				D79E66B41A7E0BCC00C71613 /* SciCal.app */,
				D79E66C91A7E0BCC00C71613 /* SciCalTests.xctest */,
			);
			name = Products;
			sourceTree = "<group>";
		};
		D79E66B61A7E0BCC00C71613 /* SciCal */ = {
			isa = PBXGroup;
			children = (
				D79E66B91A7E0BCC00C71613 /* AppDelegate.swift */,
				D79E66BB1A7E0BCC00C71613 /* ViewController.swift */,
				D79E66BD1A7E0BCC00C71613 /* Main.storyboard */,
				D79E66C01A7E0BCC00C71613 /* Images.xcassets */,
				D79E66C21A7E0BCC00C71613 /* LaunchScreen.xib */,
				D79E66B71A7E0BCC00C71613 /* Supporting Files */,
			);
			path = SciCal;
			sourceTree = "<group>";
		};
		D79E66B71A7E0BCC00C71613 /* Supporting Files */ = {
			isa = PBXGroup;
			children = (
				D79E66B81A7E0BCC00C71613 /* Info.plist */,
			);
			name = "Supporting Files";
			sourceTree = "<group>";
		};
		D79E66CC1A7E0BCC00C71613 /* SciCalTests */ = {
			isa = PBXGroup;
			children = (
				D79E66CF1A7E0BCC00C71613 /* SciCalTests.swift */,
				D79E66CD1A7E0BCC00C71613 /* Supporting Files */,
			);
			path = SciCalTests;
			sourceTree = "<group>";
		};
		D79E66CD1A7E0BCC00C71613 /* Supporting Files */ = {
			isa = PBXGroup;
			children = (
				D79E66CE1A7E0BCC00C71613 /* Info.plist */,
			);
			name = "Supporting Files";
			sourceTree = "<group>";
		};
/* End PBXGroup section */

/* Begin PBXNativeTarget section */
		D79E66B31A7E0BCC00C71613 /* SciCal */ = {
			isa = PBXNativeTarget;
			buildConfigurationList = D79E66D31A7E0BCC00C71613 /* Build configuration list for PBXNativeTarget "SciCal" */;
			buildPhases = (
				D79E66B01A7E0BCC00C71613 /* Sources */,
				D79E66B11A7E0BCC00C71613 /* Frameworks */,
				D79E66B21A7E0BCC00C71613 /* Resources */,
			);
			buildRules = (
			);
			dependencies = (
			);
			name = SciCal;
			productName = SciCal;
			productReference = D79E66B41A7E0BCC00C71613 /* SciCal.app */;
			productType = "com.apple.product-type.application";
		};
		D79E66C81A7E0BCC00C71613 /* SciCalTests */ = {
			isa = PBXNativeTarget;
			buildConfigurationList = D79E66D61A7E0BCC00C71613 /* Build configuration list for PBXNativeTarget "SciCalTests" */;
			buildPhases = (
				D79E66C51A7E0BCC00C71613 /* Sources */,
				D79E66C61A7E0BCC00C71613 /* Frameworks */,
				D79E66C71A7E0BCC00C71613 /* Resources */,
			);
			buildRules = (
			);
			dependencies = (
				D79E66CB1A7E0BCC00C71613 /* PBXTargetDependency */,
			);
			name = SciCalTests;
			productName = SciCalTests;
			productReference = D79E66C91A7E0BCC00C71613 /* SciCalTests.xctest */;
			productType = "com.apple.product-type.bundle.unit-test";
		};
/* End PBXNativeTarget section */

/* Begin PBXProject section */
		D79E66AC1A7E0BCC00C71613 /* Project object */ = {
			isa = PBXProject;
			attributes = {
				LastUpgradeCheck = 0610;
				ORGANIZATIONNAME = BinWu;
				TargetAttributes = {
					D79E66B31A7E0BCC00C71613 = {
						CreatedOnToolsVersion = 6.1.1;
					};
					D79E66C81A7E0BCC00C71613 = {
						CreatedOnToolsVersion = 6.1.1;
						TestTargetID = D79E66B31A7E0BCC00C71613;
					};
				};
			};
			buildConfigurationList = D79E66AF1A7E0BCC00C71613 /* Build configuration list for PBXProject "SciCal" */;
			compatibilityVersion = "Xcode 3.2";
			developmentRegion = English;
			hasScannedForEncodings = 0;
			knownRegions = (
				en,
				Base,
			);
			mainGroup = D79E66AB1A7E0BCC00C71613;
			productRefGroup = D79E66B51A7E0BCC00C71613 /* Products */;
			projectDirPath = "";
			projectRoot = "";
			targets = (
				D79E66B31A7E0BCC00C71613 /* SciCal */,
				D79E66C81A7E0BCC00C71613 /* SciCalTests */,
			);
		};
/* End PBXProject section */

/* Begin PBXResourcesBuildPhase section */
		D79E66B21A7E0BCC00C71613 /* Resources */ = {
			isa = PBXResourcesBuildPhase;
			buildActionMask = 2147483647;
			files = (
				D79E66BF1A7E0BCC00C71613 /* Main.storyboard in Resources */,
				D79E66C41A7E0BCC00C71613 /* LaunchScreen.xib in Resources */,
				D79E66C11A7E0BCC00C71613 /* Images.xcassets in Resources */,
			);
			runOnlyForDeploymentPostprocessing = 0;
		};
		D79E66C71A7E0BCC00C71613 /* Resources */ = {
			isa = PBXResourcesBuildPhase;
			buildActionMask = 2147483647;
			files = (
			);
			runOnlyForDeploymentPostprocessing = 0;
		};
/* End PBXResourcesBuildPhase section */

/* Begin PBXSourcesBuildPhase section */
		D79E66B01A7E0BCC00C71613 /* Sources */ = {
			isa = PBXSourcesBuildPhase;
			buildActionMask = 2147483647;
			files = (
				D79E66BC1A7E0BCC00C71613 /* ViewController.swift in Sources */,
				D79E66BA1A7E0BCC00C71613 /* AppDelegate.swift in Sources */,
			);
			runOnlyForDeploymentPostprocessing = 0;
		};
		D79E66C51A7E0BCC00C71613 /* Sources */ = {
			isa = PBXSourcesBuildPhase;
			buildActionMask = 2147483647;
			files = (
				D79E66D01A7E0BCC00C71613 /* SciCalTests.swift in Sources */,
			);
			runOnlyForDeploymentPostprocessing = 0;
		};
/* End PBXSourcesBuildPhase section */

/* Begin PBXTargetDependency section */
		D79E66CB1A7E0BCC00C71613 /* PBXTargetDependency */ = {
			isa = PBXTargetDependency;
			target = D79E66B31A7E0BCC00C71613 /* SciCal */;
			targetProxy = D79E66CA1A7E0BCC00C71613 /* PBXContainerItemProxy */;
		};
/* End PBXTargetDependency section */

/* Begin PBXVariantGroup section */
		D79E66BD1A7E0BCC00C71613 /* Main.storyboard */ = {
			isa = PBXVariantGroup;
			children = (
				D79E66BE1A7E0BCC00C71613 /* Base */,
			);
			name = Main.storyboard;
			sourceTree = "<group>";
		};
		D79E66C21A7E0BCC00C71613 /* LaunchScreen.xib */ = {
			isa = PBXVariantGroup;
			children = (
				D79E66C31A7E0BCC00C71613 /* Base */,
			);
			name = LaunchScreen.xib;
			sourceTree = "<group>";
		};
/* End PBXVariantGroup section */

/* Begin XCBuildConfiguration section */
		D79E66D11A7E0BCC00C71613 /* Debug */ = {
			isa = XCBuildConfiguration;
			buildSettings = {
				ALWAYS_SEARCH_USER_PATHS = NO;
				CLANG_CXX_LANGUAGE_STANDARD = "gnu++0x";
				CLANG_CXX_LIBRARY = "libc++";
				CLANG_ENABLE_MODULES = YES;
				CLANG_ENABLE_OBJC_ARC = YES;
				CLANG_WARN_BOOL_CONVERSION = YES;
				CLANG_WARN_CONSTANT_CONVERSION = YES;
				CLANG_WARN_DIRECT_OBJC_ISA_USAGE = YES_ERROR;
				CLANG_WARN_EMPTY_BODY = YES;
				CLANG_WARN_ENUM_CONVERSION = YES;
				CLANG_WARN_INT_CONVERSION = YES;
				CLANG_WARN_OBJC_ROOT_CLASS = YES_ERROR;
				CLANG_WARN_UNREACHABLE_CODE = YES;
				CLANG_WARN__DUPLICATE_METHOD_MATCH = YES;
				"CODE_SIGN_IDENTITY[sdk=iphoneos*]" = "iPhone Developer";
				COPY_PHASE_STRIP = NO;
				ENABLE_STRICT_OBJC_MSGSEND = YES;
				GCC_C_LANGUAGE_STANDARD = gnu99;
				GCC_DYNAMIC_NO_PIC = NO;
				GCC_OPTIMIZATION_LEVEL = 0;
				GCC_PREPROCESSOR_DEFINITIONS = (
					"DEBUG=1",
					"$(inherited)",
				);
				GCC_SYMBOLS_PRIVATE_EXTERN = NO;
				GCC_WARN_64_TO_32_BIT_CONVERSION = YES;
				GCC_WARN_ABOUT_RETURN_TYPE = YES_ERROR;
				GCC_WARN_UNDECLARED_SELECTOR = YES;
				GCC_WARN_UNINITIALIZED_AUTOS = YES_AGGRESSIVE;
				GCC_WARN_UNUSED_FUNCTION = YES;
				GCC_WARN_UNUSED_VARIABLE = YES;
				IPHONEOS_DEPLOYMENT_TARGET = 8.1;
				MTL_ENABLE_DEBUG_INFO = YES;
				ONLY_ACTIVE_ARCH = YES;
				SDKROOT = iphoneos;
				SWIFT_OPTIMIZATION_LEVEL = "-Onone";
				TARGETED_DEVICE_FAMILY = "1,2";
			};
			name = Debug;
		};
		D79E66D21A7E0BCC00C71613 /* Release */ = {
			isa = XCBuildConfiguration;
			buildSettings = {
				ALWAYS_SEARCH_USER_PATHS = NO;
				CLANG_CXX_LANGUAGE_STANDARD = "gnu++0x";
				CLANG_CXX_LIBRARY = "libc++";
				CLANG_ENABLE_MODULES = YES;
				CLANG_ENABLE_OBJC_ARC = YES;
				CLANG_WARN_BOOL_CONVERSION = YES;
				CLANG_WARN_CONSTANT_CONVERSION = YES;
				CLANG_WARN_DIRECT_OBJC_ISA_USAGE = YES_ERROR;
				CLANG_WARN_EMPTY_BODY = YES;
				CLANG_WARN_ENUM_CONVERSION = YES;
				CLANG_WARN_INT_CONVERSION = YES;
				CLANG_WARN_OBJC_ROOT_CLASS = YES_ERROR;
				CLANG_WARN_UNREACHABLE_CODE = YES;
				CLANG_WARN__DUPLICATE_METHOD_MATCH = YES;
				"CODE_SIGN_IDENTITY[sdk=iphoneos*]" = "iPhone Developer";
				COPY_PHASE_STRIP = YES;
				ENABLE_NS_ASSERTIONS = NO;
				ENABLE_STRICT_OBJC_MSGSEND = YES;
				GCC_C_LANGUAGE_STANDARD = gnu99;
				GCC_WARN_64_TO_32_BIT_CONVERSION = YES;
				GCC_WARN_ABOUT_RETURN_TYPE = YES_ERROR;
				GCC_WARN_UNDECLARED_SELECTOR = YES;
				GCC_WARN_UNINITIALIZED_AUTOS = YES_AGGRESSIVE;
				GCC_WARN_UNUSED_FUNCTION = YES;
				GCC_WARN_UNUSED_VARIABLE = YES;
				IPHONEOS_DEPLOYMENT_TARGET = 8.1;
				MTL_ENABLE_DEBUG_INFO = NO;
				SDKROOT = iphoneos;
				TARGETED_DEVICE_FAMILY = "1,2";
				VALIDATE_PRODUCT = YES;
			};
			name = Release;
		};
		D79E66D41A7E0BCC00C71613 /* Debug */ = {
			isa = XCBuildConfiguration;
			buildSettings = {
				ASSETCATALOG_COMPILER_APPICON_NAME = AppIcon;
				INFOPLIST_FILE = SciCal/Info.plist;
				LD_RUNPATH_SEARCH_PATHS = "$(inherited) @executable_path/Frameworks";
				PRODUCT_NAME = "$(TARGET_NAME)";
			};
			name = Debug;
		};
		D79E66D51A7E0BCC00C71613 /* Release */ = {
			isa = XCBuildConfiguration;
			buildSettings = {
				ASSETCATALOG_COMPILER_APPICON_NAME = AppIcon;
				INFOPLIST_FILE = SciCal/Info.plist;
				LD_RUNPATH_SEARCH_PATHS = "$(inherited) @executable_path/Frameworks";
				PRODUCT_NAME = "$(TARGET_NAME)";
			};
			name = Release;
		};
		D79E66D71A7E0BCC00C71613 /* Debug */ = {
			isa = XCBuildConfiguration;
			buildSettings = {
				BUNDLE_LOADER = "$(TEST_HOST)";
				FRAMEWORK_SEARCH_PATHS = (
					"$(SDKROOT)/Developer/Library/Frameworks",
					"$(inherited)",
				);
				GCC_PREPROCESSOR_DEFINITIONS = (
					"DEBUG=1",
					"$(inherited)",
				);
				INFOPLIST_FILE = SciCalTests/Info.plist;
				LD_RUNPATH_SEARCH_PATHS = "$(inherited) @executable_path/Frameworks @loader_path/Frameworks";
				PRODUCT_NAME = "$(TARGET_NAME)";
				TEST_HOST = "$(BUILT_PRODUCTS_DIR)/SciCal.app/SciCal";
			};
			name = Debug;
		};
		D79E66D81A7E0BCC00C71613 /* Release */ = {
			isa = XCBuildConfiguration;
			buildSettings = {
				BUNDLE_LOADER = "$(TEST_HOST)";
				FRAMEWORK_SEARCH_PATHS = (
					"$(SDKROOT)/Developer/Library/Frameworks",
					"$(inherited)",
				);
				INFOPLIST_FILE = SciCalTests/Info.plist;
				LD_RUNPATH_SEARCH_PATHS = "$(inherited) @executable_path/Frameworks @loader_path/Frameworks";
				PRODUCT_NAME = "$(TARGET_NAME)";
				TEST_HOST = "$(BUILT_PRODUCTS_DIR)/SciCal.app/SciCal";
			};
			name = Release;
		};
/* End XCBuildConfiguration section */

/* Begin XCConfigurationList section */
		D79E66AF1A7E0BCC00C71613 /* Build configuration list for PBXProject "SciCal" */ = {
			isa = XCConfigurationList;
			buildConfigurations = (
				D79E66D11A7E0BCC00C71613 /* Debug */,
				D79E66D21A7E0BCC00C71613 /* Release */,
			);
			defaultConfigurationIsVisible = 0;
			defaultConfigurationName = Release;
		};
		D79E66D31A7E0BCC00C71613 /* Build configuration list for PBXNativeTarget "SciCal" */ = {
			isa = XCConfigurationList;
			buildConfigurations = (
				D79E66D41A7E0BCC00C71613 /* Debug */,
				D79E66D51A7E0BCC00C71613 /* Release */,
			);
			defaultConfigurationIsVisible = 0;
		};
		D79E66D61A7E0BCC00C71613 /* Build configuration list for PBXNativeTarget "SciCalTests" */ = {
			isa = XCConfigurationList;
			buildConfigurations = (
				D79E66D71A7E0BCC00C71613 /* Debug */,
				D79E66D81A7E0BCC00C71613 /* Release */,
			);
			defaultConfigurationIsVisible = 0;
		};
/* End XCConfigurationList section */
	};
	rootObject = D79E66AC1A7E0BCC00C71613 /* Project object */;
}
